
Microsoft Visual Studio Solution File, Format Version 12.00
# Visual Studio 2012
Project("{FAE04EC0-301F-11D3-BF4B-00C04F79EFBC}") = "iOSNavigation", "iOSNavigation\iOSNavigation.csproj", "{67234475-F9E6-41CB-9B0E-B142FEFDC8CB}"
EndProject
Global
	GlobalSection(SolutionConfigurationPlatforms) = preSolution
		Debug|iPhoneSimulator = Debug|iPhoneSimulator
		Release|iPhone = Release|iPhone
		Release|iPhoneSimulator = Release|iPhoneSimulator
		Debug|iPhone = Debug|iPhone
	EndGlobalSection
	GlobalSection(ProjectConfigurationPlatforms) = postSolution
		{67234475-F9E6-41CB-9B0E-B142FEFDC8CB}.Debug|iPhoneSimulator.ActiveCfg = Debug|iPhoneSimulator
		{67234475-F9E6-41CB-9B0E-B142FEFDC8CB}.Debug|iPhoneSimulator.Build.0 = Debug|iPhoneSimulator
		{67234475-F9E6-41CB-9B0E-B142FEFDC8CB}.Release|iPhone.ActiveCfg = Release|iPhone
		{67234475-F9E6-41CB-9B0E-B142FEFDC8CB}.Release|iPhone.Build.0 = Release|iPhone
		{67234475-F9E6-41CB-9B0E-B142FEFDC8CB}.Release|iPhoneSimulator.ActiveCfg = Release|iPhoneSimulator
		{67234475-F9E6-41CB-9B0E-B142FEFDC8CB}.Release|iPhoneSimulator.Build.0 = Release|iPhoneSimulator
		{67234475-F9E6-41CB-9B0E-B142FEFDC8CB}.Debug|iPhone.ActiveCfg = Debug|iPhone
		{67234475-F9E6-41CB-9B0E-B142FEFDC8CB}.Debug|iPhone.Build.0 = Debug|iPhone
	EndGlobalSection
EndGlobal
